
Microsoft Visual Studio Solution File, Format Version 12.00
# Visual Studio 15
Project("{FAE04EC0-301F-11D3-BF4B-00C04F79EFBC}") = "Assembly-CSharp", "Assembly-CSharp.csproj", "{4B80DD13-354A-11BB-A9CA-2F3323BDA304}"
EndProject
Project("{FAE04EC0-301F-11D3-BF4B-00C04F79EFBC}") = "Assembly-CSharp-Editor", "Assembly-CSharp-Editor.csproj", "{49C90538-BE22-C26F-6563-25AF8CB8D745}"
EndProject
Global
	GlobalSection(SolutionConfigurationPlatforms) = preSolution
		Debug|Any CPU = Debug|Any CPU
		Release|Any CPU = Release|Any CPU
	EndGlobalSection
	GlobalSection(ProjectConfigurationPlatforms) = postSolution
		{4B80DD13-354A-11BB-A9CA-2F3323BDA304}.Debug|Any CPU.ActiveCfg = Debug|Any CPU
		{4B80DD13-354A-11BB-A9CA-2F3323BDA304}.Debug|Any CPU.Build.0 = Debug|Any CPU
		{4B80DD13-354A-11BB-A9CA-2F3323BDA304}.Release|Any CPU.ActiveCfg = Release|Any CPU
		{4B80DD13-354A-11BB-A9CA-2F3323BDA304}.Release|Any CPU.Build.0 = Release|Any CPU
		{49C90538-BE22-C26F-6563-25AF8CB8D745}.Debug|Any CPU.ActiveCfg = Debug|Any CPU
		{49C90538-BE22-C26F-6563-25AF8CB8D745}.Debug|Any CPU.Build.0 = Debug|Any CPU
		{49C90538-BE22-C26F-6563-25AF8CB8D745}.Release|Any CPU.ActiveCfg = Release|Any CPU
		{49C90538-BE22-C26F-6563-25AF8CB8D745}.Release|Any CPU.Build.0 = Release|Any CPU
	EndGlobalSection
	GlobalSection(SolutionProperties) = preSolution
		HideSolutionNode = FALSE
	EndGlobalSection
EndGlobal
